
Microsoft Visual Studio Solution File, Format Version 12.00
# Visual Studio Version 17
VisualStudioVersion = 17.14.36121.58
MinimumVisualStudioVersion = 10.0.40219.1
Project("{FAE04EC0-301F-11D3-BF4B-00C04F79EFBC}") = "ChoreLore", "ChoreLore\ChoreLore.csproj", "{E7CF5376-8DA4-4281-B0F5-7DECDF51BD39}"
EndProject
Project("{FAE04EC0-301F-11D3-BF4B-00C04F79EFBC}") = "ChoreLoreTests", "ChoreLoreTests\ChoreLoreTests.csproj", "{FBFD1213-122E-43EE-86EE-FBA6CD94470F}"
EndProject
Global
	GlobalSection(SolutionConfigurationPlatforms) = preSolution
		Debug|Any CPU = Debug|Any CPU
		Release|Any CPU = Release|Any CPU
	EndGlobalSection
	GlobalSection(ProjectConfigurationPlatforms) = postSolution
		{E7CF5376-8DA4-4281-B0F5-7DECDF51BD39}.Debug|Any CPU.ActiveCfg = Debug|Any CPU
		{E7CF5376-8DA4-4281-B0F5-7DECDF51BD39}.Debug|Any CPU.Build.0 = Debug|Any CPU
		{E7CF5376-8DA4-4281-B0F5-7DECDF51BD39}.Release|Any CPU.ActiveCfg = Release|Any CPU
		{E7CF5376-8DA4-4281-B0F5-7DECDF51BD39}.Release|Any CPU.Build.0 = Release|Any CPU
		{FBFD1213-122E-43EE-86EE-FBA6CD94470F}.Debug|Any CPU.ActiveCfg = Debug|Any CPU
		{FBFD1213-122E-43EE-86EE-FBA6CD94470F}.Debug|Any CPU.Build.0 = Debug|Any CPU
		{FBFD1213-122E-43EE-86EE-FBA6CD94470F}.Release|Any CPU.ActiveCfg = Release|Any CPU
		{FBFD1213-122E-43EE-86EE-FBA6CD94470F}.Release|Any CPU.Build.0 = Release|Any CPU
	EndGlobalSection
	GlobalSection(SolutionProperties) = preSolution
		HideSolutionNode = FALSE
	EndGlobalSection
	GlobalSection(ExtensibilityGlobals) = postSolution
		SolutionGuid = {2A648AB4-E4BA-4F8F-AF12-548C3ADE3E35}
	EndGlobalSection
EndGlobal
